
Microsoft Visual Studio Solution File, Format Version 12.00
# Visual Studio Version 16
VisualStudioVersion = 16.0.29215.179
MinimumVisualStudioVersion = 10.0.40219.1
Project("{FAE04EC0-301F-11D3-BF4B-00C04F79EFBC}") = "ComputerVision_CS", "ComputerVision_CS\ComputerVision_CS.csproj", "{3FA1C319-923D-4382-9582-C009C35C4E65}"
EndProject
Project("{2150E333-8FDC-42A3-9474-1A3956D46DE8}") = "Solution Items", "Solution Items", "{658ADAA2-1496-4C5C-AED6-8B2A00E246BB}"
	ProjectSection(SolutionItems) = preProject
		ComputerVision.java = ComputerVision.java
		ComputerVision.m = ComputerVision.m
		ComputerVision.php = ComputerVision.php
		Leggimi.md = Leggimi.md
	EndProjectSection
EndProject
Project("{888888A0-9F3D-457C-B088-3A5042F75D52}") = "ComputerVision_PY", "ComputerVision_PY\ComputerVision_PY.pyproj", "{818C5E1D-A530-44AA-893F-5A6E8DB7D430}"
EndProject
Project("{FAE04EC0-301F-11D3-BF4B-00C04F79EFBC}") = "ComputerVision_WPF", "ComputerVision_WPF\ComputerVision_WPF.csproj", "{98C85017-F62F-40F0-B299-EF0D37D40DE5}"
EndProject
Global
	GlobalSection(SolutionConfigurationPlatforms) = preSolution
		Debug|Any CPU = Debug|Any CPU
		Release|Any CPU = Release|Any CPU
	EndGlobalSection
	GlobalSection(ProjectConfigurationPlatforms) = postSolution
		{3FA1C319-923D-4382-9582-C009C35C4E65}.Debug|Any CPU.ActiveCfg = Debug|Any CPU
		{3FA1C319-923D-4382-9582-C009C35C4E65}.Debug|Any CPU.Build.0 = Debug|Any CPU
		{3FA1C319-923D-4382-9582-C009C35C4E65}.Release|Any CPU.ActiveCfg = Release|Any CPU
		{3FA1C319-923D-4382-9582-C009C35C4E65}.Release|Any CPU.Build.0 = Release|Any CPU
		{818C5E1D-A530-44AA-893F-5A6E8DB7D430}.Debug|Any CPU.ActiveCfg = Debug|Any CPU
		{818C5E1D-A530-44AA-893F-5A6E8DB7D430}.Release|Any CPU.ActiveCfg = Release|Any CPU
		{98C85017-F62F-40F0-B299-EF0D37D40DE5}.Debug|Any CPU.ActiveCfg = Debug|Any CPU
		{98C85017-F62F-40F0-B299-EF0D37D40DE5}.Debug|Any CPU.Build.0 = Debug|Any CPU
		{98C85017-F62F-40F0-B299-EF0D37D40DE5}.Release|Any CPU.ActiveCfg = Release|Any CPU
		{98C85017-F62F-40F0-B299-EF0D37D40DE5}.Release|Any CPU.Build.0 = Release|Any CPU
	EndGlobalSection
	GlobalSection(SolutionProperties) = preSolution
		HideSolutionNode = FALSE
	EndGlobalSection
	GlobalSection(ExtensibilityGlobals) = postSolution
		SolutionGuid = {267C2C96-9D2E-4B1A-91A0-BE4D182105F1}
	EndGlobalSection
EndGlobal
